// !$*UTF8*$!
{
	archiveVersion = 1;
	classes = {
	};
	objectVersion = 56;
	objects = {

/* Begin PBXBuildFile section */
		F760CADF2B94884700EEF06F /* InstagramCloneApp.swift in Sources */ = {isa = PBXBuildFile; fileRef = F760CADE2B94884700EEF06F /* InstagramCloneApp.swift */; };
		F760CAE12B94884700EEF06F /* ContentView.swift in Sources */ = {isa = PBXBuildFile; fileRef = F760CAE02B94884700EEF06F /* ContentView.swift */; };
		F760CAE32B94884800EEF06F /* Assets.xcassets in Resources */ = {isa = PBXBuildFile; fileRef = F760CAE22B94884800EEF06F /* Assets.xcassets */; };
		F760CAE62B94884800EEF06F /* Preview Assets.xcassets in Resources */ = {isa = PBXBuildFile; fileRef = F760CAE52B94884800EEF06F /* Preview Assets.xcassets */; };
		F760CAF92B94893900EEF06F /* MainTabView.swift in Sources */ = {isa = PBXBuildFile; fileRef = F760CAF82B94893900EEF06F /* MainTabView.swift */; };
		F760CAFB2B948AF200EEF06F /* ProfileView.swift in Sources */ = {isa = PBXBuildFile; fileRef = F760CAFA2B948AF200EEF06F /* ProfileView.swift */; };
		F760CAFE2B953C0E00EEF06F /* UserStatView.swift in Sources */ = {isa = PBXBuildFile; fileRef = F760CAFD2B953C0E00EEF06F /* UserStatView.swift */; };
		F760CB002B95444800EEF06F /* FeedView.swift in Sources */ = {isa = PBXBuildFile; fileRef = F760CAFF2B95444800EEF06F /* FeedView.swift */; };
		F760CB022B95445900EEF06F /* FeedCell.swift in Sources */ = {isa = PBXBuildFile; fileRef = F760CB012B95445900EEF06F /* FeedCell.swift */; };
/* End PBXBuildFile section */

/* Begin PBXFileReference section */
		F760CADB2B94884700EEF06F /* InstagramClone.app */ = {isa = PBXFileReference; explicitFileType = wrapper.application; includeInIndex = 0; path = InstagramClone.app; sourceTree = BUILT_PRODUCTS_DIR; };
		F760CADE2B94884700EEF06F /* InstagramCloneApp.swift */ = {isa = PBXFileReference; lastKnownFileType = sourcecode.swift; path = InstagramCloneApp.swift; sourceTree = "<group>"; };
		F760CAE02B94884700EEF06F /* ContentView.swift */ = {isa = PBXFileReference; lastKnownFileType = sourcecode.swift; path = ContentView.swift; sourceTree = "<group>"; };
		F760CAE22B94884800EEF06F /* Assets.xcassets */ = {isa = PBXFileReference; lastKnownFileType = folder.assetcatalog; path = Assets.xcassets; sourceTree = "<group>"; };
		F760CAE52B94884800EEF06F /* Preview Assets.xcassets */ = {isa = PBXFileReference; lastKnownFileType = folder.assetcatalog; path = "Preview Assets.xcassets"; sourceTree = "<group>"; };
		F760CAF82B94893900EEF06F /* MainTabView.swift */ = {isa = PBXFileReference; lastKnownFileType = sourcecode.swift; path = MainTabView.swift; sourceTree = "<group>"; };
		F760CAFA2B948AF200EEF06F /* ProfileView.swift */ = {isa = PBXFileReference; lastKnownFileType = sourcecode.swift; path = ProfileView.swift; sourceTree = "<group>"; };
		F760CAFD2B953C0E00EEF06F /* UserStatView.swift */ = {isa = PBXFileReference; lastKnownFileType = sourcecode.swift; path = UserStatView.swift; sourceTree = "<group>"; };
		F760CAFF2B95444800EEF06F /* FeedView.swift */ = {isa = PBXFileReference; lastKnownFileType = sourcecode.swift; path = FeedView.swift; sourceTree = "<group>"; };
		F760CB012B95445900EEF06F /* FeedCell.swift */ = {isa = PBXFileReference; lastKnownFileType = sourcecode.swift; path = FeedCell.swift; sourceTree = "<group>"; };
/* End PBXFileReference section */

/* Begin PBXFrameworksBuildPhase section */
		F760CAD82B94884700EEF06F /* Frameworks */ = {
			isa = PBXFrameworksBuildPhase;
			buildActionMask = 2147483647;
			files = (
			);
			runOnlyForDeploymentPostprocessing = 0;
		};
/* End PBXFrameworksBuildPhase section */

/* Begin PBXGroup section */
		F760CAD22B94884700EEF06F = {
			isa = PBXGroup;
			children = (
				F760CADD2B94884700EEF06F /* InstagramClone */,
				F760CADC2B94884700EEF06F /* Products */,
			);
			sourceTree = "<group>";
		};
		F760CADC2B94884700EEF06F /* Products */ = {
			isa = PBXGroup;
			children = (
				F760CADB2B94884700EEF06F /* InstagramClone.app */,
			);
			name = Products;
			sourceTree = "<group>";
		};
		F760CADD2B94884700EEF06F /* InstagramClone */ = {
			isa = PBXGroup;
			children = (
				F760CAF02B9488CB00EEF06F /* App */,
				F760CAEF2B9488C500EEF06F /* Core */,
				F760CAEE2B9488B400EEF06F /* Extension */,
				F760CAED2B9488A500EEF06F /* Model */,
				F760CAEC2B94888F00EEF06F /* Services */,
				F760CAE02B94884700EEF06F /* ContentView.swift */,
				F760CAE22B94884800EEF06F /* Assets.xcassets */,
				F760CAE42B94884800EEF06F /* Preview Content */,
			);
			path = InstagramClone;
			sourceTree = "<group>";
		};
		F760CAE42B94884800EEF06F /* Preview Content */ = {
			isa = PBXGroup;
			children = (
				F760CAE52B94884800EEF06F /* Preview Assets.xcassets */,
			);
			path = "Preview Content";
			sourceTree = "<group>";
		};
		F760CAEC2B94888F00EEF06F /* Services */ = {
			isa = PBXGroup;
			children = (
			);
			path = Services;
			sourceTree = "<group>";
		};
		F760CAED2B9488A500EEF06F /* Model */ = {
			isa = PBXGroup;
			children = (
			);
			path = Model;
			sourceTree = "<group>";
		};
		F760CAEE2B9488B400EEF06F /* Extension */ = {
			isa = PBXGroup;
			children = (
			);
			path = Extension;
			sourceTree = "<group>";
		};
		F760CAEF2B9488C500EEF06F /* Core */ = {
			isa = PBXGroup;
			children = (
				F760CAF22B9488EA00EEF06F /* Authentication */,
				F760CAFC2B953BA900EEF06F /* Components */,
				F760CAF32B9488F200EEF06F /* Feed */,
				F760CAF42B9488FC00EEF06F /* Profile */,
				F760CAF52B94890500EEF06F /* Root */,
				F760CAF12B9488E000EEF06F /* Search */,
				F760CAF62B94890B00EEF06F /* TabBar */,
				F760CAF72B94891300EEF06F /* UploadPost */,
			);
			path = Core;
			sourceTree = "<group>";
		};
		F760CAF02B9488CB00EEF06F /* App */ = {
			isa = PBXGroup;
			children = (
				F760CADE2B94884700EEF06F /* InstagramCloneApp.swift */,
			);
			path = App;
			sourceTree = "<group>";
		};
		F760CAF12B9488E000EEF06F /* Search */ = {
			isa = PBXGroup;
			children = (
			);
			path = Search;
			sourceTree = "<group>";
		};
		F760CAF22B9488EA00EEF06F /* Authentication */ = {
			isa = PBXGroup;
			children = (
			);
			path = Authentication;
			sourceTree = "<group>";
		};
		F760CAF32B9488F200EEF06F /* Feed */ = {
			isa = PBXGroup;
			children = (
				F760CAFF2B95444800EEF06F /* FeedView.swift */,
				F760CB012B95445900EEF06F /* FeedCell.swift */,
			);
			path = Feed;
			sourceTree = "<group>";
		};
		F760CAF42B9488FC00EEF06F /* Profile */ = {
			isa = PBXGroup;
			children = (
				F760CAFA2B948AF200EEF06F /* ProfileView.swift */,
			);
			path = Profile;
			sourceTree = "<group>";
		};
		F760CAF52B94890500EEF06F /* Root */ = {
			isa = PBXGroup;
			children = (
			);
			path = Root;
			sourceTree = "<group>";
		};
		F760CAF62B94890B00EEF06F /* TabBar */ = {
			isa = PBXGroup;
			children = (
				F760CAF82B94893900EEF06F /* MainTabView.swift */,
			);
			path = TabBar;
			sourceTree = "<group>";
		};
		F760CAF72B94891300EEF06F /* UploadPost */ = {
			isa = PBXGroup;
			children = (
			);
			path = UploadPost;
			sourceTree = "<group>";
		};
		F760CAFC2B953BA900EEF06F /* Components */ = {
			isa = PBXGroup;
			children = (
				F760CAFD2B953C0E00EEF06F /* UserStatView.swift */,
			);
			path = Components;
			sourceTree = "<group>";
		};
/* End PBXGroup section */

/* Begin PBXNativeTarget section */
		F760CADA2B94884700EEF06F /* InstagramClone */ = {
			isa = PBXNativeTarget;
			buildConfigurationList = F760CAE92B94884800EEF06F /* Build configuration list for PBXNativeTarget "InstagramClone" */;
			buildPhases = (
				F760CAD72B94884700EEF06F /* Sources */,
				F760CAD82B94884700EEF06F /* Frameworks */,
				F760CAD92B94884700EEF06F /* Resources */,
			);
			buildRules = (
			);
			dependencies = (
			);
			name = InstagramClone;
			productName = InstagramClone;
			productReference = F760CADB2B94884700EEF06F /* InstagramClone.app */;
			productType = "com.apple.product-type.application";
		};
/* End PBXNativeTarget section */

/* Begin PBXProject section */
		F760CAD32B94884700EEF06F /* Project object */ = {
			isa = PBXProject;
			attributes = {
				BuildIndependentTargetsInParallel = 1;
				LastSwiftUpdateCheck = 1500;
				LastUpgradeCheck = 1500;
				TargetAttributes = {
					F760CADA2B94884700EEF06F = {
						CreatedOnToolsVersion = 15.0.1;
					};
				};
			};
			buildConfigurationList = F760CAD62B94884700EEF06F /* Build configuration list for PBXProject "InstagramClone" */;
			compatibilityVersion = "Xcode 14.0";
			developmentRegion = en;
			hasScannedForEncodings = 0;
			knownRegions = (
				en,
				Base,
			);
			mainGroup = F760CAD22B94884700EEF06F;
			productRefGroup = F760CADC2B94884700EEF06F /* Products */;
			projectDirPath = "";
			projectRoot = "";
			targets = (
				F760CADA2B94884700EEF06F /* InstagramClone */,
			);
		};
/* End PBXProject section */

/* Begin PBXResourcesBuildPhase section */
		F760CAD92B94884700EEF06F /* Resources */ = {
			isa = PBXResourcesBuildPhase;
			buildActionMask = 2147483647;
			files = (
				F760CAE62B94884800EEF06F /* Preview Assets.xcassets in Resources */,
				F760CAE32B94884800EEF06F /* Assets.xcassets in Resources */,
			);
			runOnlyForDeploymentPostprocessing = 0;
		};
/* End PBXResourcesBuildPhase section */

/* Begin PBXSourcesBuildPhase section */
		F760CAD72B94884700EEF06F /* Sources */ = {
			isa = PBXSourcesBuildPhase;
			buildActionMask = 2147483647;
			files = (
				F760CB022B95445900EEF06F /* FeedCell.swift in Sources */,
				F760CAFB2B948AF200EEF06F /* ProfileView.swift in Sources */,
				F760CAE12B94884700EEF06F /* ContentView.swift in Sources */,
				F760CADF2B94884700EEF06F /* InstagramCloneApp.swift in Sources */,
				F760CAFE2B953C0E00EEF06F /* UserStatView.swift in Sources */,
				F760CB002B95444800EEF06F /* FeedView.swift in Sources */,
				F760CAF92B94893900EEF06F /* MainTabView.swift in Sources */,
			);
			runOnlyForDeploymentPostprocessing = 0;
		};
/* End PBXSourcesBuildPhase section */

/* Begin XCBuildConfiguration section */
		F760CAE72B94884800EEF06F /* Debug */ = {
			isa = XCBuildConfiguration;
			buildSettings = {
				ALWAYS_SEARCH_USER_PATHS = NO;
				ASSETCATALOG_COMPILER_GENERATE_SWIFT_ASSET_SYMBOL_EXTENSIONS = YES;
				CLANG_ANALYZER_NONNULL = YES;
				CLANG_ANALYZER_NUMBER_OBJECT_CONVERSION = YES_AGGRESSIVE;
				CLANG_CXX_LANGUAGE_STANDARD = "gnu++20";
				CLANG_ENABLE_MODULES = YES;
				CLANG_ENABLE_OBJC_ARC = YES;
				CLANG_ENABLE_OBJC_WEAK = YES;
				CLANG_WARN_BLOCK_CAPTURE_AUTORELEASING = YES;
				CLANG_WARN_BOOL_CONVERSION = YES;
				CLANG_WARN_COMMA = YES;
				CLANG_WARN_CONSTANT_CONVERSION = YES;
				CLANG_WARN_DEPRECATED_OBJC_IMPLEMENTATIONS = YES;
				CLANG_WARN_DIRECT_OBJC_ISA_USAGE = YES_ERROR;
				CLANG_WARN_DOCUMENTATION_COMMENTS = YES;
				CLANG_WARN_EMPTY_BODY = YES;
				CLANG_WARN_ENUM_CONVERSION = YES;
				CLANG_WARN_INFINITE_RECURSION = YES;
				CLANG_WARN_INT_CONVERSION = YES;
				CLANG_WARN_NON_LITERAL_NULL_CONVERSION = YES;
				CLANG_WARN_OBJC_IMPLICIT_RETAIN_SELF = YES;
				CLANG_WARN_OBJC_LITERAL_CONVERSION = YES;
				CLANG_WARN_OBJC_ROOT_CLASS = YES_ERROR;
				CLANG_WARN_QUOTED_INCLUDE_IN_FRAMEWORK_HEADER = YES;
				CLANG_WARN_RANGE_LOOP_ANALYSIS = YES;
				CLANG_WARN_STRICT_PROTOTYPES = YES;
				CLANG_WARN_SUSPICIOUS_MOVE = YES;
				CLANG_WARN_UNGUARDED_AVAILABILITY = YES_AGGRESSIVE;
				CLANG_WARN_UNREACHABLE_CODE = YES;
				CLANG_WARN__DUPLICATE_METHOD_MATCH = YES;
				COPY_PHASE_STRIP = NO;
				DEBUG_INFORMATION_FORMAT = dwarf;
				ENABLE_STRICT_OBJC_MSGSEND = YES;
				ENABLE_TESTABILITY = YES;
				ENABLE_USER_SCRIPT_SANDBOXING = YES;
				GCC_C_LANGUAGE_STANDARD = gnu17;
				GCC_DYNAMIC_NO_PIC = NO;
				GCC_NO_COMMON_BLOCKS = YES;
				GCC_OPTIMIZATION_LEVEL = 0;
				GCC_PREPROCESSOR_DEFINITIONS = (
					"DEBUG=1",
					"$(inherited)",
				);
				GCC_WARN_64_TO_32_BIT_CONVERSION = YES;
				GCC_WARN_ABOUT_RETURN_TYPE = YES_ERROR;
				GCC_WARN_UNDECLARED_SELECTOR = YES;
				GCC_WARN_UNINITIALIZED_AUTOS = YES_AGGRESSIVE;
				GCC_WARN_UNUSED_FUNCTION = YES;
				GCC_WARN_UNUSED_VARIABLE = YES;
				IPHONEOS_DEPLOYMENT_TARGET = 17.0;
				LOCALIZATION_PREFERS_STRING_CATALOGS = YES;
				MTL_ENABLE_DEBUG_INFO = INCLUDE_SOURCE;
				MTL_FAST_MATH = YES;
				ONLY_ACTIVE_ARCH = YES;
				SDKROOT = iphoneos;
				SWIFT_ACTIVE_COMPILATION_CONDITIONS = "DEBUG $(inherited)";
				SWIFT_OPTIMIZATION_LEVEL = "-Onone";
			};
			name = Debug;
		};
		F760CAE82B94884800EEF06F /* Release */ = {
			isa = XCBuildConfiguration;
			buildSettings = {
				ALWAYS_SEARCH_USER_PATHS = NO;
				ASSETCATALOG_COMPILER_GENERATE_SWIFT_ASSET_SYMBOL_EXTENSIONS = YES;
				CLANG_ANALYZER_NONNULL = YES;
				CLANG_ANALYZER_NUMBER_OBJECT_CONVERSION = YES_AGGRESSIVE;
				CLANG_CXX_LANGUAGE_STANDARD = "gnu++20";
				CLANG_ENABLE_MODULES = YES;
				CLANG_ENABLE_OBJC_ARC = YES;
				CLANG_ENABLE_OBJC_WEAK = YES;
				CLANG_WARN_BLOCK_CAPTURE_AUTORELEASING = YES;
				CLANG_WARN_BOOL_CONVERSION = YES;
				CLANG_WARN_COMMA = YES;
				CLANG_WARN_CONSTANT_CONVERSION = YES;
				CLANG_WARN_DEPRECATED_OBJC_IMPLEMENTATIONS = YES;
				CLANG_WARN_DIRECT_OBJC_ISA_USAGE = YES_ERROR;
				CLANG_WARN_DOCUMENTATION_COMMENTS = YES;
				CLANG_WARN_EMPTY_BODY = YES;
				CLANG_WARN_ENUM_CONVERSION = YES;
				CLANG_WARN_INFINITE_RECURSION = YES;
				CLANG_WARN_INT_CONVERSION = YES;
				CLANG_WARN_NON_LITERAL_NULL_CONVERSION = YES;
				CLANG_WARN_OBJC_IMPLICIT_RETAIN_SELF = YES;
				CLANG_WARN_OBJC_LITERAL_CONVERSION = YES;
				CLANG_WARN_OBJC_ROOT_CLASS = YES_ERROR;
				CLANG_WARN_QUOTED_INCLUDE_IN_FRAMEWORK_HEADER = YES;
				CLANG_WARN_RANGE_LOOP_ANALYSIS = YES;
				CLANG_WARN_STRICT_PROTOTYPES = YES;
				CLANG_WARN_SUSPICIOUS_MOVE = YES;
				CLANG_WARN_UNGUARDED_AVAILABILITY = YES_AGGRESSIVE;
				CLANG_WARN_UNREACHABLE_CODE = YES;
				CLANG_WARN__DUPLICATE_METHOD_MATCH = YES;
				COPY_PHASE_STRIP = NO;
				DEBUG_INFORMATION_FORMAT = "dwarf-with-dsym";
				ENABLE_NS_ASSERTIONS = NO;
				ENABLE_STRICT_OBJC_MSGSEND = YES;
				ENABLE_USER_SCRIPT_SANDBOXING = YES;
				GCC_C_LANGUAGE_STANDARD = gnu17;
				GCC_NO_COMMON_BLOCKS = YES;
				GCC_WARN_64_TO_32_BIT_CONVERSION = YES;
				GCC_WARN_ABOUT_RETURN_TYPE = YES_ERROR;
				GCC_WARN_UNDECLARED_SELECTOR = YES;
				GCC_WARN_UNINITIALIZED_AUTOS = YES_AGGRESSIVE;
				GCC_WARN_UNUSED_FUNCTION = YES;
				GCC_WARN_UNUSED_VARIABLE = YES;
				IPHONEOS_DEPLOYMENT_TARGET = 17.0;
				LOCALIZATION_PREFERS_STRING_CATALOGS = YES;
				MTL_ENABLE_DEBUG_INFO = NO;
				MTL_FAST_MATH = YES;
				SDKROOT = iphoneos;
				SWIFT_COMPILATION_MODE = wholemodule;
				VALIDATE_PRODUCT = YES;
			};
			name = Release;
		};
		F760CAEA2B94884800EEF06F /* Debug */ = {
			isa = XCBuildConfiguration;
			buildSettings = {
				ASSETCATALOG_COMPILER_APPICON_NAME = AppIcon;
				ASSETCATALOG_COMPILER_GLOBAL_ACCENT_COLOR_NAME = AccentColor;
				CODE_SIGN_STYLE = Automatic;
				CURRENT_PROJECT_VERSION = 1;
				DEVELOPMENT_ASSET_PATHS = "\"InstagramClone/Preview Content\"";
				ENABLE_PREVIEWS = YES;
				GENERATE_INFOPLIST_FILE = YES;
				INFOPLIST_KEY_UIApplicationSceneManifest_Generation = YES;
				INFOPLIST_KEY_UIApplicationSupportsIndirectInputEvents = YES;
				INFOPLIST_KEY_UILaunchScreen_Generation = YES;
				INFOPLIST_KEY_UISupportedInterfaceOrientations_iPad = "UIInterfaceOrientationPortrait UIInterfaceOrientationPortraitUpsideDown UIInterfaceOrientationLandscapeLeft UIInterfaceOrientationLandscapeRight";
				INFOPLIST_KEY_UISupportedInterfaceOrientations_iPhone = "UIInterfaceOrientationPortrait UIInterfaceOrientationLandscapeLeft UIInterfaceOrientationLandscapeRight";
				LD_RUNPATH_SEARCH_PATHS = (
					"$(inherited)",
					"@executable_path/Frameworks",
				);
				MARKETING_VERSION = 1.0;
				PRODUCT_BUNDLE_IDENTIFIER = com.anga.InstagramClone;
				PRODUCT_NAME = "$(TARGET_NAME)";
				SWIFT_EMIT_LOC_STRINGS = YES;
				SWIFT_VERSION = 5.0;
				TARGETED_DEVICE_FAMILY = "1,2";
			};
			name = Debug;
		};
		F760CAEB2B94884800EEF06F /* Release */ = {
			isa = XCBuildConfiguration;
			buildSettings = {
				ASSETCATALOG_COMPILER_APPICON_NAME = AppIcon;
				ASSETCATALOG_COMPILER_GLOBAL_ACCENT_COLOR_NAME = AccentColor;
				CODE_SIGN_STYLE = Automatic;
				CURRENT_PROJECT_VERSION = 1;
				DEVELOPMENT_ASSET_PATHS = "\"InstagramClone/Preview Content\"";
				ENABLE_PREVIEWS = YES;
				GENERATE_INFOPLIST_FILE = YES;
				INFOPLIST_KEY_UIApplicationSceneManifest_Generation = YES;
				INFOPLIST_KEY_UIApplicationSupportsIndirectInputEvents = YES;
				INFOPLIST_KEY_UILaunchScreen_Generation = YES;
				INFOPLIST_KEY_UISupportedInterfaceOrientations_iPad = "UIInterfaceOrientationPortrait UIInterfaceOrientationPortraitUpsideDown UIInterfaceOrientationLandscapeLeft UIInterfaceOrientationLandscapeRight";
				INFOPLIST_KEY_UISupportedInterfaceOrientations_iPhone = "UIInterfaceOrientationPortrait UIInterfaceOrientationLandscapeLeft UIInterfaceOrientationLandscapeRight";
				LD_RUNPATH_SEARCH_PATHS = (
					"$(inherited)",
					"@executable_path/Frameworks",
				);
				MARKETING_VERSION = 1.0;
				PRODUCT_BUNDLE_IDENTIFIER = com.anga.InstagramClone;
				PRODUCT_NAME = "$(TARGET_NAME)";
				SWIFT_EMIT_LOC_STRINGS = YES;
				SWIFT_VERSION = 5.0;
				TARGETED_DEVICE_FAMILY = "1,2";
			};
			name = Release;
		};
/* End XCBuildConfiguration section */

/* Begin XCConfigurationList section */
		F760CAD62B94884700EEF06F /* Build configuration list for PBXProject "InstagramClone" */ = {
			isa = XCConfigurationList;
			buildConfigurations = (
				F760CAE72B94884800EEF06F /* Debug */,
				F760CAE82B94884800EEF06F /* Release */,
			);
			defaultConfigurationIsVisible = 0;
			defaultConfigurationName = Release;
		};
		F760CAE92B94884800EEF06F /* Build configuration list for PBXNativeTarget "InstagramClone" */ = {
			isa = XCConfigurationList;
			buildConfigurations = (
				F760CAEA2B94884800EEF06F /* Debug */,
				F760CAEB2B94884800EEF06F /* Release */,
			);
			defaultConfigurationIsVisible = 0;
			defaultConfigurationName = Release;
		};
/* End XCConfigurationList section */
	};
	rootObject = F760CAD32B94884700EEF06F /* Project object */;
}
